
Microsoft Visual Studio Solution File, Format Version 12.00
# Visual Studio Version 16
VisualStudioVersion = 16.0.31729.503
MinimumVisualStudioVersion = 10.0.40219.1
Project("{9A19103F-16F7-4668-BE54-9A1E7A4F7556}") = "TestArtur", "TestArtur\TestArtur.csproj", "{BB958356-FA4A-4DC5-9777-1F707A8C6031}"
EndProject
Global
	GlobalSection(SolutionConfigurationPlatforms) = preSolution
		Debug|Any CPU = Debug|Any CPU
		Release|Any CPU = Release|Any CPU
	EndGlobalSection
	GlobalSection(ProjectConfigurationPlatforms) = postSolution
		{BB958356-FA4A-4DC5-9777-1F707A8C6031}.Debug|Any CPU.ActiveCfg = Debug|Any CPU
		{BB958356-FA4A-4DC5-9777-1F707A8C6031}.Debug|Any CPU.Build.0 = Debug|Any CPU
		{BB958356-FA4A-4DC5-9777-1F707A8C6031}.Release|Any CPU.ActiveCfg = Release|Any CPU
		{BB958356-FA4A-4DC5-9777-1F707A8C6031}.Release|Any CPU.Build.0 = Release|Any CPU
	EndGlobalSection
	GlobalSection(SolutionProperties) = preSolution
		HideSolutionNode = FALSE
	EndGlobalSection
	GlobalSection(ExtensibilityGlobals) = postSolution
		SolutionGuid = {54657527-F396-410D-BE82-E6E7E1835FB7}
	EndGlobalSection
EndGlobal
